
Microsoft Visual Studio Solution File, Format Version 12.00
# Visual Studio 14
VisualStudioVersion = 14.0.23107.0
MinimumVisualStudioVersion = 10.0.40219.1
Project("{159641D6-6404-4A2A-AE62-294DE0FE8301}") = "testScaleOut", "testScaleOut.dtproj", "{616825E0-D52B-4A77-B6BC-8F4FAFC3E6EF}"
EndProject
Global
	GlobalSection(SolutionConfigurationPlatforms) = preSolution
		Development|Default = Development|Default
	EndGlobalSection
	GlobalSection(ProjectConfigurationPlatforms) = postSolution
		{616825E0-D52B-4A77-B6BC-8F4FAFC3E6EF}.Development|Default.ActiveCfg = Development
		{616825E0-D52B-4A77-B6BC-8F4FAFC3E6EF}.Development|Default.Build.0 = Development
	EndGlobalSection
	GlobalSection(SolutionProperties) = preSolution
		HideSolutionNode = FALSE
	EndGlobalSection
EndGlobal
